// !$*UTF8*$!
{
	archiveVersion = 1;
	classes = {
	};
	objectVersion = 55;
	objects = {

/* Begin PBXBuildFile section */
		1AB1F734D46FB1176BE8E125 /* Pods_LiveChatGPT.framework in Frameworks */ = {isa = PBXBuildFile; fileRef = 896391DE891E689695387BEA /* Pods_LiveChatGPT.framework */; };
		1C60E5622A7AC45E00C6C59C /* LiveChatGPTApp.swift in Sources */ = {isa = PBXBuildFile; fileRef = 1C60E5612A7AC45E00C6C59C /* LiveChatGPTApp.swift */; };
		1C60E5642A7AC45E00C6C59C /* ContentView.swift in Sources */ = {isa = PBXBuildFile; fileRef = 1C60E5632A7AC45E00C6C59C /* ContentView.swift */; };
		1C60E5662A7AC46300C6C59C /* Assets.xcassets in Resources */ = {isa = PBXBuildFile; fileRef = 1C60E5652A7AC46300C6C59C /* Assets.xcassets */; };
		1C60E5692A7AC46300C6C59C /* Preview Assets.xcassets in Resources */ = {isa = PBXBuildFile; fileRef = 1C60E5682A7AC46300C6C59C /* Preview Assets.xcassets */; };
		1C60E5732A7AC46400C6C59C /* LiveChatGPTTests.swift in Sources */ = {isa = PBXBuildFile; fileRef = 1C60E5722A7AC46400C6C59C /* LiveChatGPTTests.swift */; };
		1C60E57D2A7AC46400C6C59C /* LiveChatGPTUITests.swift in Sources */ = {isa = PBXBuildFile; fileRef = 1C60E57C2A7AC46400C6C59C /* LiveChatGPTUITests.swift */; };
		1C60E57F2A7AC46400C6C59C /* LiveChatGPTUITestsLaunchTests.swift in Sources */ = {isa = PBXBuildFile; fileRef = 1C60E57E2A7AC46400C6C59C /* LiveChatGPTUITestsLaunchTests.swift */; };
		30AE6CB9429402F3BF407439 /* Pods_LiveChatGPT_LiveChatGPTUITests.framework in Frameworks */ = {isa = PBXBuildFile; fileRef = FFA8F1253376F02D47D9395B /* Pods_LiveChatGPT_LiveChatGPTUITests.framework */; };
		3996D49E67EE3F8EDCC16AB2 /* Pods_LiveChatGPTTests.framework in Frameworks */ = {isa = PBXBuildFile; fileRef = AE0866AA80837C34C2DC9C89 /* Pods_LiveChatGPTTests.framework */; };
/* End PBXBuildFile section */

/* Begin PBXContainerItemProxy section */
		1C60E56F2A7AC46400C6C59C /* PBXContainerItemProxy */ = {
			isa = PBXContainerItemProxy;
			containerPortal = 1C60E5562A7AC45E00C6C59C /* Project object */;
			proxyType = 1;
			remoteGlobalIDString = 1C60E55D2A7AC45E00C6C59C;
			remoteInfo = LiveChatGPT;
		};
		1C60E5792A7AC46400C6C59C /* PBXContainerItemProxy */ = {
			isa = PBXContainerItemProxy;
			containerPortal = 1C60E5562A7AC45E00C6C59C /* Project object */;
			proxyType = 1;
			remoteGlobalIDString = 1C60E55D2A7AC45E00C6C59C;
			remoteInfo = LiveChatGPT;
		};
/* End PBXContainerItemProxy section */

/* Begin PBXFileReference section */
		1C60E55E2A7AC45E00C6C59C /* LiveChatGPT.app */ = {isa = PBXFileReference; explicitFileType = wrapper.application; includeInIndex = 0; path = LiveChatGPT.app; sourceTree = BUILT_PRODUCTS_DIR; };
		1C60E5612A7AC45E00C6C59C /* LiveChatGPTApp.swift */ = {isa = PBXFileReference; lastKnownFileType = sourcecode.swift; path = LiveChatGPTApp.swift; sourceTree = "<group>"; };
		1C60E5632A7AC45E00C6C59C /* ContentView.swift */ = {isa = PBXFileReference; lastKnownFileType = sourcecode.swift; path = ContentView.swift; sourceTree = "<group>"; };
		1C60E5652A7AC46300C6C59C /* Assets.xcassets */ = {isa = PBXFileReference; lastKnownFileType = folder.assetcatalog; path = Assets.xcassets; sourceTree = "<group>"; };
		1C60E5682A7AC46300C6C59C /* Preview Assets.xcassets */ = {isa = PBXFileReference; lastKnownFileType = folder.assetcatalog; path = "Preview Assets.xcassets"; sourceTree = "<group>"; };
		1C60E56E2A7AC46400C6C59C /* LiveChatGPTTests.xctest */ = {isa = PBXFileReference; explicitFileType = wrapper.cfbundle; includeInIndex = 0; path = LiveChatGPTTests.xctest; sourceTree = BUILT_PRODUCTS_DIR; };
		1C60E5722A7AC46400C6C59C /* LiveChatGPTTests.swift */ = {isa = PBXFileReference; lastKnownFileType = sourcecode.swift; path = LiveChatGPTTests.swift; sourceTree = "<group>"; };
		1C60E5782A7AC46400C6C59C /* LiveChatGPTUITests.xctest */ = {isa = PBXFileReference; explicitFileType = wrapper.cfbundle; includeInIndex = 0; path = LiveChatGPTUITests.xctest; sourceTree = BUILT_PRODUCTS_DIR; };
		1C60E57C2A7AC46400C6C59C /* LiveChatGPTUITests.swift */ = {isa = PBXFileReference; lastKnownFileType = sourcecode.swift; path = LiveChatGPTUITests.swift; sourceTree = "<group>"; };
		1C60E57E2A7AC46400C6C59C /* LiveChatGPTUITestsLaunchTests.swift */ = {isa = PBXFileReference; lastKnownFileType = sourcecode.swift; path = LiveChatGPTUITestsLaunchTests.swift; sourceTree = "<group>"; };
		26378E2A85CE03111EB04DF1 /* Pods-LiveChatGPTTests.release.xcconfig */ = {isa = PBXFileReference; includeInIndex = 1; lastKnownFileType = text.xcconfig; name = "Pods-LiveChatGPTTests.release.xcconfig"; path = "Target Support Files/Pods-LiveChatGPTTests/Pods-LiveChatGPTTests.release.xcconfig"; sourceTree = "<group>"; };
		7B9A3F209E7E9572E318E541 /* Pods-LiveChatGPT.release.xcconfig */ = {isa = PBXFileReference; includeInIndex = 1; lastKnownFileType = text.xcconfig; name = "Pods-LiveChatGPT.release.xcconfig"; path = "Target Support Files/Pods-LiveChatGPT/Pods-LiveChatGPT.release.xcconfig"; sourceTree = "<group>"; };
		896391DE891E689695387BEA /* Pods_LiveChatGPT.framework */ = {isa = PBXFileReference; explicitFileType = wrapper.framework; includeInIndex = 0; path = Pods_LiveChatGPT.framework; sourceTree = BUILT_PRODUCTS_DIR; };
		8E408123FA06D32FD18C8C7A /* Pods-LiveChatGPT-LiveChatGPTUITests.release.xcconfig */ = {isa = PBXFileReference; includeInIndex = 1; lastKnownFileType = text.xcconfig; name = "Pods-LiveChatGPT-LiveChatGPTUITests.release.xcconfig"; path = "Target Support Files/Pods-LiveChatGPT-LiveChatGPTUITests/Pods-LiveChatGPT-LiveChatGPTUITests.release.xcconfig"; sourceTree = "<group>"; };
		9D7B3D9018BA5A1C95599CA3 /* Pods-LiveChatGPT.debug.xcconfig */ = {isa = PBXFileReference; includeInIndex = 1; lastKnownFileType = text.xcconfig; name = "Pods-LiveChatGPT.debug.xcconfig"; path = "Target Support Files/Pods-LiveChatGPT/Pods-LiveChatGPT.debug.xcconfig"; sourceTree = "<group>"; };
		AE0866AA80837C34C2DC9C89 /* Pods_LiveChatGPTTests.framework */ = {isa = PBXFileReference; explicitFileType = wrapper.framework; includeInIndex = 0; path = Pods_LiveChatGPTTests.framework; sourceTree = BUILT_PRODUCTS_DIR; };
		E3B2E50D0F6A7795B28432F8 /* Pods-LiveChatGPTTests.debug.xcconfig */ = {isa = PBXFileReference; includeInIndex = 1; lastKnownFileType = text.xcconfig; name = "Pods-LiveChatGPTTests.debug.xcconfig"; path = "Target Support Files/Pods-LiveChatGPTTests/Pods-LiveChatGPTTests.debug.xcconfig"; sourceTree = "<group>"; };
		EBBF6ACE692271CDA4C6E551 /* Pods-LiveChatGPT-LiveChatGPTUITests.debug.xcconfig */ = {isa = PBXFileReference; includeInIndex = 1; lastKnownFileType = text.xcconfig; name = "Pods-LiveChatGPT-LiveChatGPTUITests.debug.xcconfig"; path = "Target Support Files/Pods-LiveChatGPT-LiveChatGPTUITests/Pods-LiveChatGPT-LiveChatGPTUITests.debug.xcconfig"; sourceTree = "<group>"; };
		FFA8F1253376F02D47D9395B /* Pods_LiveChatGPT_LiveChatGPTUITests.framework */ = {isa = PBXFileReference; explicitFileType = wrapper.framework; includeInIndex = 0; path = Pods_LiveChatGPT_LiveChatGPTUITests.framework; sourceTree = BUILT_PRODUCTS_DIR; };
/* End PBXFileReference section */

/* Begin PBXFrameworksBuildPhase section */
		1C60E55B2A7AC45E00C6C59C /* Frameworks */ = {
			isa = PBXFrameworksBuildPhase;
			buildActionMask = 2147483647;
			files = (
				1AB1F734D46FB1176BE8E125 /* Pods_LiveChatGPT.framework in Frameworks */,
			);
			runOnlyForDeploymentPostprocessing = 0;
		};
		1C60E56B2A7AC46400C6C59C /* Frameworks */ = {
			isa = PBXFrameworksBuildPhase;
			buildActionMask = 2147483647;
			files = (
				3996D49E67EE3F8EDCC16AB2 /* Pods_LiveChatGPTTests.framework in Frameworks */,
			);
			runOnlyForDeploymentPostprocessing = 0;
		};
		1C60E5752A7AC46400C6C59C /* Frameworks */ = {
			isa = PBXFrameworksBuildPhase;
			buildActionMask = 2147483647;
			files = (
				30AE6CB9429402F3BF407439 /* Pods_LiveChatGPT_LiveChatGPTUITests.framework in Frameworks */,
			);
			runOnlyForDeploymentPostprocessing = 0;
		};
/* End PBXFrameworksBuildPhase section */

/* Begin PBXGroup section */
		1C60E5552A7AC45E00C6C59C = {
			isa = PBXGroup;
			children = (
				1C60E5602A7AC45E00C6C59C /* LiveChatGPT */,
				1C60E5712A7AC46400C6C59C /* LiveChatGPTTests */,
				1C60E57B2A7AC46400C6C59C /* LiveChatGPTUITests */,
				1C60E55F2A7AC45E00C6C59C /* Products */,
				79ECCFF4AFF5072E5B9B9B22 /* Pods */,
				368C5F8ACB08227E7A08BF17 /* Frameworks */,
			);
			sourceTree = "<group>";
		};
		1C60E55F2A7AC45E00C6C59C /* Products */ = {
			isa = PBXGroup;
			children = (
				1C60E55E2A7AC45E00C6C59C /* LiveChatGPT.app */,
				1C60E56E2A7AC46400C6C59C /* LiveChatGPTTests.xctest */,
				1C60E5782A7AC46400C6C59C /* LiveChatGPTUITests.xctest */,
			);
			name = Products;
			sourceTree = "<group>";
		};
		1C60E5602A7AC45E00C6C59C /* LiveChatGPT */ = {
			isa = PBXGroup;
			children = (
				1C60E5612A7AC45E00C6C59C /* LiveChatGPTApp.swift */,
				1C60E5632A7AC45E00C6C59C /* ContentView.swift */,
				1C60E5652A7AC46300C6C59C /* Assets.xcassets */,
				1C60E5672A7AC46300C6C59C /* Preview Content */,
			);
			path = LiveChatGPT;
			sourceTree = "<group>";
		};
		1C60E5672A7AC46300C6C59C /* Preview Content */ = {
			isa = PBXGroup;
			children = (
				1C60E5682A7AC46300C6C59C /* Preview Assets.xcassets */,
			);
			path = "Preview Content";
			sourceTree = "<group>";
		};
		1C60E5712A7AC46400C6C59C /* LiveChatGPTTests */ = {
			isa = PBXGroup;
			children = (
				1C60E5722A7AC46400C6C59C /* LiveChatGPTTests.swift */,
			);
			path = LiveChatGPTTests;
			sourceTree = "<group>";
		};
		1C60E57B2A7AC46400C6C59C /* LiveChatGPTUITests */ = {
			isa = PBXGroup;
			children = (
				1C60E57C2A7AC46400C6C59C /* LiveChatGPTUITests.swift */,
				1C60E57E2A7AC46400C6C59C /* LiveChatGPTUITestsLaunchTests.swift */,
			);
			path = LiveChatGPTUITests;
			sourceTree = "<group>";
		};
		368C5F8ACB08227E7A08BF17 /* Frameworks */ = {
			isa = PBXGroup;
			children = (
				896391DE891E689695387BEA /* Pods_LiveChatGPT.framework */,
				FFA8F1253376F02D47D9395B /* Pods_LiveChatGPT_LiveChatGPTUITests.framework */,
				AE0866AA80837C34C2DC9C89 /* Pods_LiveChatGPTTests.framework */,
			);
			name = Frameworks;
			sourceTree = "<group>";
		};
		79ECCFF4AFF5072E5B9B9B22 /* Pods */ = {
			isa = PBXGroup;
			children = (
				9D7B3D9018BA5A1C95599CA3 /* Pods-LiveChatGPT.debug.xcconfig */,
				7B9A3F209E7E9572E318E541 /* Pods-LiveChatGPT.release.xcconfig */,
				EBBF6ACE692271CDA4C6E551 /* Pods-LiveChatGPT-LiveChatGPTUITests.debug.xcconfig */,
				8E408123FA06D32FD18C8C7A /* Pods-LiveChatGPT-LiveChatGPTUITests.release.xcconfig */,
				E3B2E50D0F6A7795B28432F8 /* Pods-LiveChatGPTTests.debug.xcconfig */,
				26378E2A85CE03111EB04DF1 /* Pods-LiveChatGPTTests.release.xcconfig */,
			);
			path = Pods;
			sourceTree = "<group>";
		};
/* End PBXGroup section */

/* Begin PBXNativeTarget section */
		1C60E55D2A7AC45E00C6C59C /* LiveChatGPT */ = {
			isa = PBXNativeTarget;
			buildConfigurationList = 1C60E5822A7AC46400C6C59C /* Build configuration list for PBXNativeTarget "LiveChatGPT" */;
			buildPhases = (
				E5EA8EAE99BE6368CE23D944 /* [CP] Check Pods Manifest.lock */,
				1C60E55A2A7AC45E00C6C59C /* Sources */,
				1C60E55B2A7AC45E00C6C59C /* Frameworks */,
				1C60E55C2A7AC45E00C6C59C /* Resources */,
				1CB47B1B2A7C1711007FE145 /* ShellScript */,
			);
			buildRules = (
			);
			dependencies = (
			);
			name = LiveChatGPT;
			productName = LiveChatGPT;
			productReference = 1C60E55E2A7AC45E00C6C59C /* LiveChatGPT.app */;
			productType = "com.apple.product-type.application";
		};
		1C60E56D2A7AC46400C6C59C /* LiveChatGPTTests */ = {
			isa = PBXNativeTarget;
			buildConfigurationList = 1C60E5852A7AC46400C6C59C /* Build configuration list for PBXNativeTarget "LiveChatGPTTests" */;
			buildPhases = (
				B786DFB9B1130CB50EC6F454 /* [CP] Check Pods Manifest.lock */,
				1C60E56A2A7AC46400C6C59C /* Sources */,
				1C60E56B2A7AC46400C6C59C /* Frameworks */,
				1C60E56C2A7AC46400C6C59C /* Resources */,
			);
			buildRules = (
			);
			dependencies = (
				1C60E5702A7AC46400C6C59C /* PBXTargetDependency */,
			);
			name = LiveChatGPTTests;
			productName = LiveChatGPTTests;
			productReference = 1C60E56E2A7AC46400C6C59C /* LiveChatGPTTests.xctest */;
			productType = "com.apple.product-type.bundle.unit-test";
		};
		1C60E5772A7AC46400C6C59C /* LiveChatGPTUITests */ = {
			isa = PBXNativeTarget;
			buildConfigurationList = 1C60E5882A7AC46400C6C59C /* Build configuration list for PBXNativeTarget "LiveChatGPTUITests" */;
			buildPhases = (
				B2968E2C75500BBB87506A04 /* [CP] Check Pods Manifest.lock */,
				1C60E5742A7AC46400C6C59C /* Sources */,
				1C60E5752A7AC46400C6C59C /* Frameworks */,
				1C60E5762A7AC46400C6C59C /* Resources */,
			);
			buildRules = (
			);
			dependencies = (
				1C60E57A2A7AC46400C6C59C /* PBXTargetDependency */,
			);
			name = LiveChatGPTUITests;
			productName = LiveChatGPTUITests;
			productReference = 1C60E5782A7AC46400C6C59C /* LiveChatGPTUITests.xctest */;
			productType = "com.apple.product-type.bundle.ui-testing";
		};
/* End PBXNativeTarget section */

/* Begin PBXProject section */
		1C60E5562A7AC45E00C6C59C /* Project object */ = {
			isa = PBXProject;
			attributes = {
				BuildIndependentTargetsInParallel = 1;
				LastSwiftUpdateCheck = 1430;
				LastUpgradeCheck = 1430;
				TargetAttributes = {
					1C60E55D2A7AC45E00C6C59C = {
						CreatedOnToolsVersion = 14.3.1;
					};
					1C60E56D2A7AC46400C6C59C = {
						CreatedOnToolsVersion = 14.3.1;
						TestTargetID = 1C60E55D2A7AC45E00C6C59C;
					};
					1C60E5772A7AC46400C6C59C = {
						CreatedOnToolsVersion = 14.3.1;
						TestTargetID = 1C60E55D2A7AC45E00C6C59C;
					};
				};
			};
			buildConfigurationList = 1C60E5592A7AC45E00C6C59C /* Build configuration list for PBXProject "LiveChatGPT" */;
			compatibilityVersion = "Xcode 13.0";
			developmentRegion = en;
			hasScannedForEncodings = 0;
			knownRegions = (
				en,
				Base,
			);
			mainGroup = 1C60E5552A7AC45E00C6C59C;
			productRefGroup = 1C60E55F2A7AC45E00C6C59C /* Products */;
			projectDirPath = "";
			projectRoot = "";
			targets = (
				1C60E55D2A7AC45E00C6C59C /* LiveChatGPT */,
				1C60E56D2A7AC46400C6C59C /* LiveChatGPTTests */,
				1C60E5772A7AC46400C6C59C /* LiveChatGPTUITests */,
			);
		};
/* End PBXProject section */

/* Begin PBXResourcesBuildPhase section */
		1C60E55C2A7AC45E00C6C59C /* Resources */ = {
			isa = PBXResourcesBuildPhase;
			buildActionMask = 2147483647;
			files = (
				1C60E5692A7AC46300C6C59C /* Preview Assets.xcassets in Resources */,
				1C60E5662A7AC46300C6C59C /* Assets.xcassets in Resources */,
			);
			runOnlyForDeploymentPostprocessing = 0;
		};
		1C60E56C2A7AC46400C6C59C /* Resources */ = {
			isa = PBXResourcesBuildPhase;
			buildActionMask = 2147483647;
			files = (
			);
			runOnlyForDeploymentPostprocessing = 0;
		};
		1C60E5762A7AC46400C6C59C /* Resources */ = {
			isa = PBXResourcesBuildPhase;
			buildActionMask = 2147483647;
			files = (
			);
			runOnlyForDeploymentPostprocessing = 0;
		};
/* End PBXResourcesBuildPhase section */

/* Begin PBXShellScriptBuildPhase section */
		1CB47B1B2A7C1711007FE145 /* ShellScript */ = {
			isa = PBXShellScriptBuildPhase;
			buildActionMask = 2147483647;
			files = (
			);
			inputFileListPaths = (
			);
			inputPaths = (
			);
			outputFileListPaths = (
			);
			outputPaths = (
			);
			runOnlyForDeploymentPostprocessing = 0;
			shellPath = /bin/sh;
			shellScript = "\"${PODS_ROOT}/SwiftLint/swiftlint\"\n";
		};
		B2968E2C75500BBB87506A04 /* [CP] Check Pods Manifest.lock */ = {
			isa = PBXShellScriptBuildPhase;
			buildActionMask = 2147483647;
			files = (
			);
			inputFileListPaths = (
			);
			inputPaths = (
				"${PODS_PODFILE_DIR_PATH}/Podfile.lock",
				"${PODS_ROOT}/Manifest.lock",
			);
			name = "[CP] Check Pods Manifest.lock";
			outputFileListPaths = (
			);
			outputPaths = (
				"$(DERIVED_FILE_DIR)/Pods-LiveChatGPT-LiveChatGPTUITests-checkManifestLockResult.txt",
			);
			runOnlyForDeploymentPostprocessing = 0;
			shellPath = /bin/sh;
			shellScript = "diff \"${PODS_PODFILE_DIR_PATH}/Podfile.lock\" \"${PODS_ROOT}/Manifest.lock\" > /dev/null\nif [ $? != 0 ] ; then\n    # print error to STDERR\n    echo \"error: The sandbox is not in sync with the Podfile.lock. Run 'pod install' or update your CocoaPods installation.\" >&2\n    exit 1\nfi\n# This output is used by Xcode 'outputs' to avoid re-running this script phase.\necho \"SUCCESS\" > \"${SCRIPT_OUTPUT_FILE_0}\"\n";
			showEnvVarsInLog = 0;
		};
		B786DFB9B1130CB50EC6F454 /* [CP] Check Pods Manifest.lock */ = {
			isa = PBXShellScriptBuildPhase;
			buildActionMask = 2147483647;
			files = (
			);
			inputFileListPaths = (
			);
			inputPaths = (
				"${PODS_PODFILE_DIR_PATH}/Podfile.lock",
				"${PODS_ROOT}/Manifest.lock",
			);
			name = "[CP] Check Pods Manifest.lock";
			outputFileListPaths = (
			);
			outputPaths = (
				"$(DERIVED_FILE_DIR)/Pods-LiveChatGPTTests-checkManifestLockResult.txt",
			);
			runOnlyForDeploymentPostprocessing = 0;
			shellPath = /bin/sh;
			shellScript = "diff \"${PODS_PODFILE_DIR_PATH}/Podfile.lock\" \"${PODS_ROOT}/Manifest.lock\" > /dev/null\nif [ $? != 0 ] ; then\n    # print error to STDERR\n    echo \"error: The sandbox is not in sync with the Podfile.lock. Run 'pod install' or update your CocoaPods installation.\" >&2\n    exit 1\nfi\n# This output is used by Xcode 'outputs' to avoid re-running this script phase.\necho \"SUCCESS\" > \"${SCRIPT_OUTPUT_FILE_0}\"\n";
			showEnvVarsInLog = 0;
		};
		E5EA8EAE99BE6368CE23D944 /* [CP] Check Pods Manifest.lock */ = {
			isa = PBXShellScriptBuildPhase;
			buildActionMask = 2147483647;
			files = (
			);
			inputFileListPaths = (
			);
			inputPaths = (
				"${PODS_PODFILE_DIR_PATH}/Podfile.lock",
				"${PODS_ROOT}/Manifest.lock",
			);
			name = "[CP] Check Pods Manifest.lock";
			outputFileListPaths = (
			);
			outputPaths = (
				"$(DERIVED_FILE_DIR)/Pods-LiveChatGPT-checkManifestLockResult.txt",
			);
			runOnlyForDeploymentPostprocessing = 0;
			shellPath = /bin/sh;
			shellScript = "diff \"${PODS_PODFILE_DIR_PATH}/Podfile.lock\" \"${PODS_ROOT}/Manifest.lock\" > /dev/null\nif [ $? != 0 ] ; then\n    # print error to STDERR\n    echo \"error: The sandbox is not in sync with the Podfile.lock. Run 'pod install' or update your CocoaPods installation.\" >&2\n    exit 1\nfi\n# This output is used by Xcode 'outputs' to avoid re-running this script phase.\necho \"SUCCESS\" > \"${SCRIPT_OUTPUT_FILE_0}\"\n";
			showEnvVarsInLog = 0;
		};
/* End PBXShellScriptBuildPhase section */

/* Begin PBXSourcesBuildPhase section */
		1C60E55A2A7AC45E00C6C59C /* Sources */ = {
			isa = PBXSourcesBuildPhase;
			buildActionMask = 2147483647;
			files = (
				1C60E5642A7AC45E00C6C59C /* ContentView.swift in Sources */,
				1C60E5622A7AC45E00C6C59C /* LiveChatGPTApp.swift in Sources */,
			);
			runOnlyForDeploymentPostprocessing = 0;
		};
		1C60E56A2A7AC46400C6C59C /* Sources */ = {
			isa = PBXSourcesBuildPhase;
			buildActionMask = 2147483647;
			files = (
				1C60E5732A7AC46400C6C59C /* LiveChatGPTTests.swift in Sources */,
			);
			runOnlyForDeploymentPostprocessing = 0;
		};
		1C60E5742A7AC46400C6C59C /* Sources */ = {
			isa = PBXSourcesBuildPhase;
			buildActionMask = 2147483647;
			files = (
				1C60E57F2A7AC46400C6C59C /* LiveChatGPTUITestsLaunchTests.swift in Sources */,
				1C60E57D2A7AC46400C6C59C /* LiveChatGPTUITests.swift in Sources */,
			);
			runOnlyForDeploymentPostprocessing = 0;
		};
/* End PBXSourcesBuildPhase section */

/* Begin PBXTargetDependency section */
		1C60E5702A7AC46400C6C59C /* PBXTargetDependency */ = {
			isa = PBXTargetDependency;
			target = 1C60E55D2A7AC45E00C6C59C /* LiveChatGPT */;
			targetProxy = 1C60E56F2A7AC46400C6C59C /* PBXContainerItemProxy */;
		};
		1C60E57A2A7AC46400C6C59C /* PBXTargetDependency */ = {
			isa = PBXTargetDependency;
			target = 1C60E55D2A7AC45E00C6C59C /* LiveChatGPT */;
			targetProxy = 1C60E5792A7AC46400C6C59C /* PBXContainerItemProxy */;
		};
/* End PBXTargetDependency section */

/* Begin XCBuildConfiguration section */
		1C60E5802A7AC46400C6C59C /* Debug */ = {
			isa = XCBuildConfiguration;
			buildSettings = {
				ALWAYS_SEARCH_USER_PATHS = NO;
				CLANG_ANALYZER_NONNULL = YES;
				CLANG_ANALYZER_NUMBER_OBJECT_CONVERSION = YES_AGGRESSIVE;
				CLANG_CXX_LANGUAGE_STANDARD = "gnu++20";
				CLANG_ENABLE_MODULES = YES;
				CLANG_ENABLE_OBJC_ARC = YES;
				CLANG_ENABLE_OBJC_WEAK = YES;
				CLANG_WARN_BLOCK_CAPTURE_AUTORELEASING = YES;
				CLANG_WARN_BOOL_CONVERSION = YES;
				CLANG_WARN_COMMA = YES;
				CLANG_WARN_CONSTANT_CONVERSION = YES;
				CLANG_WARN_DEPRECATED_OBJC_IMPLEMENTATIONS = YES;
				CLANG_WARN_DIRECT_OBJC_ISA_USAGE = YES_ERROR;
				CLANG_WARN_DOCUMENTATION_COMMENTS = YES;
				CLANG_WARN_EMPTY_BODY = YES;
				CLANG_WARN_ENUM_CONVERSION = YES;
				CLANG_WARN_INFINITE_RECURSION = YES;
				CLANG_WARN_INT_CONVERSION = YES;
				CLANG_WARN_NON_LITERAL_NULL_CONVERSION = YES;
				CLANG_WARN_OBJC_IMPLICIT_RETAIN_SELF = YES;
				CLANG_WARN_OBJC_LITERAL_CONVERSION = YES;
				CLANG_WARN_OBJC_ROOT_CLASS = YES_ERROR;
				CLANG_WARN_QUOTED_INCLUDE_IN_FRAMEWORK_HEADER = YES;
				CLANG_WARN_RANGE_LOOP_ANALYSIS = YES;
				CLANG_WARN_STRICT_PROTOTYPES = YES;
				CLANG_WARN_SUSPICIOUS_MOVE = YES;
				CLANG_WARN_UNGUARDED_AVAILABILITY = YES_AGGRESSIVE;
				CLANG_WARN_UNREACHABLE_CODE = YES;
				CLANG_WARN__DUPLICATE_METHOD_MATCH = YES;
				COPY_PHASE_STRIP = NO;
				DEBUG_INFORMATION_FORMAT = dwarf;
				ENABLE_STRICT_OBJC_MSGSEND = YES;
				ENABLE_TESTABILITY = YES;
				GCC_C_LANGUAGE_STANDARD = gnu11;
				GCC_DYNAMIC_NO_PIC = NO;
				GCC_NO_COMMON_BLOCKS = YES;
				GCC_OPTIMIZATION_LEVEL = 0;
				GCC_PREPROCESSOR_DEFINITIONS = (
					"DEBUG=1",
					"$(inherited)",
				);
				GCC_WARN_64_TO_32_BIT_CONVERSION = YES;
				GCC_WARN_ABOUT_RETURN_TYPE = YES_ERROR;
				GCC_WARN_UNDECLARED_SELECTOR = YES;
				GCC_WARN_UNINITIALIZED_AUTOS = YES_AGGRESSIVE;
				GCC_WARN_UNUSED_FUNCTION = YES;
				GCC_WARN_UNUSED_VARIABLE = YES;
				IPHONEOS_DEPLOYMENT_TARGET = 16.0;
				MTL_ENABLE_DEBUG_INFO = INCLUDE_SOURCE;
				MTL_FAST_MATH = YES;
				ONLY_ACTIVE_ARCH = YES;
				SDKROOT = iphoneos;
				SWIFT_ACTIVE_COMPILATION_CONDITIONS = DEBUG;
				SWIFT_OPTIMIZATION_LEVEL = "-Onone";
			};
			name = Debug;
		};
		1C60E5812A7AC46400C6C59C /* Release */ = {
			isa = XCBuildConfiguration;
			buildSettings = {
				ALWAYS_SEARCH_USER_PATHS = NO;
				CLANG_ANALYZER_NONNULL = YES;
				CLANG_ANALYZER_NUMBER_OBJECT_CONVERSION = YES_AGGRESSIVE;
				CLANG_CXX_LANGUAGE_STANDARD = "gnu++20";
				CLANG_ENABLE_MODULES = YES;
				CLANG_ENABLE_OBJC_ARC = YES;
				CLANG_ENABLE_OBJC_WEAK = YES;
				CLANG_WARN_BLOCK_CAPTURE_AUTORELEASING = YES;
				CLANG_WARN_BOOL_CONVERSION = YES;
				CLANG_WARN_COMMA = YES;
				CLANG_WARN_CONSTANT_CONVERSION = YES;
				CLANG_WARN_DEPRECATED_OBJC_IMPLEMENTATIONS = YES;
				CLANG_WARN_DIRECT_OBJC_ISA_USAGE = YES_ERROR;
				CLANG_WARN_DOCUMENTATION_COMMENTS = YES;
				CLANG_WARN_EMPTY_BODY = YES;
				CLANG_WARN_ENUM_CONVERSION = YES;
				CLANG_WARN_INFINITE_RECURSION = YES;
				CLANG_WARN_INT_CONVERSION = YES;
				CLANG_WARN_NON_LITERAL_NULL_CONVERSION = YES;
				CLANG_WARN_OBJC_IMPLICIT_RETAIN_SELF = YES;
				CLANG_WARN_OBJC_LITERAL_CONVERSION = YES;
				CLANG_WARN_OBJC_ROOT_CLASS = YES_ERROR;
				CLANG_WARN_QUOTED_INCLUDE_IN_FRAMEWORK_HEADER = YES;
				CLANG_WARN_RANGE_LOOP_ANALYSIS = YES;
				CLANG_WARN_STRICT_PROTOTYPES = YES;
				CLANG_WARN_SUSPICIOUS_MOVE = YES;
				CLANG_WARN_UNGUARDED_AVAILABILITY = YES_AGGRESSIVE;
				CLANG_WARN_UNREACHABLE_CODE = YES;
				CLANG_WARN__DUPLICATE_METHOD_MATCH = YES;
				COPY_PHASE_STRIP = NO;
				DEBUG_INFORMATION_FORMAT = "dwarf-with-dsym";
				ENABLE_NS_ASSERTIONS = NO;
				ENABLE_STRICT_OBJC_MSGSEND = YES;
				GCC_C_LANGUAGE_STANDARD = gnu11;
				GCC_NO_COMMON_BLOCKS = YES;
				GCC_WARN_64_TO_32_BIT_CONVERSION = YES;
				GCC_WARN_ABOUT_RETURN_TYPE = YES_ERROR;
				GCC_WARN_UNDECLARED_SELECTOR = YES;
				GCC_WARN_UNINITIALIZED_AUTOS = YES_AGGRESSIVE;
				GCC_WARN_UNUSED_FUNCTION = YES;
				GCC_WARN_UNUSED_VARIABLE = YES;
				IPHONEOS_DEPLOYMENT_TARGET = 16.0;
				MTL_ENABLE_DEBUG_INFO = NO;
				MTL_FAST_MATH = YES;
				SDKROOT = iphoneos;
				SWIFT_COMPILATION_MODE = wholemodule;
				SWIFT_OPTIMIZATION_LEVEL = "-O";
				VALIDATE_PRODUCT = YES;
			};
			name = Release;
		};
		1C60E5832A7AC46400C6C59C /* Debug */ = {
			isa = XCBuildConfiguration;
			baseConfigurationReference = 9D7B3D9018BA5A1C95599CA3 /* Pods-LiveChatGPT.debug.xcconfig */;
			buildSettings = {
				ASSETCATALOG_COMPILER_APPICON_NAME = AppIcon;
				ASSETCATALOG_COMPILER_GLOBAL_ACCENT_COLOR_NAME = AccentColor;
				CODE_SIGN_STYLE = Automatic;
				CURRENT_PROJECT_VERSION = 1;
				DEVELOPMENT_ASSET_PATHS = "\"LiveChatGPT/Preview Content\"";
				DEVELOPMENT_TEAM = 663DYMD95T;
				ENABLE_PREVIEWS = YES;
				GENERATE_INFOPLIST_FILE = YES;
				INFOPLIST_KEY_UIApplicationSceneManifest_Generation = YES;
				INFOPLIST_KEY_UIApplicationSupportsIndirectInputEvents = YES;
				INFOPLIST_KEY_UILaunchScreen_Generation = YES;
				INFOPLIST_KEY_UISupportedInterfaceOrientations_iPad = "UIInterfaceOrientationPortrait UIInterfaceOrientationPortraitUpsideDown UIInterfaceOrientationLandscapeLeft UIInterfaceOrientationLandscapeRight";
				INFOPLIST_KEY_UISupportedInterfaceOrientations_iPhone = "UIInterfaceOrientationPortrait UIInterfaceOrientationLandscapeLeft UIInterfaceOrientationLandscapeRight";
				IPHONEOS_DEPLOYMENT_TARGET = 16.0;
				LD_RUNPATH_SEARCH_PATHS = (
					"$(inherited)",
					"@executable_path/Frameworks",
				);
				MARKETING_VERSION = 1.0;
				PRODUCT_BUNDLE_IDENTIFIER = AlexOrg.LiveChatGPT;
				PRODUCT_NAME = "$(TARGET_NAME)";
				SWIFT_EMIT_LOC_STRINGS = YES;
				SWIFT_VERSION = 5.0;
				TARGETED_DEVICE_FAMILY = "1,2";
			};
			name = Debug;
		};
		1C60E5842A7AC46400C6C59C /* Release */ = {
			isa = XCBuildConfiguration;
			baseConfigurationReference = 7B9A3F209E7E9572E318E541 /* Pods-LiveChatGPT.release.xcconfig */;
			buildSettings = {
				ASSETCATALOG_COMPILER_APPICON_NAME = AppIcon;
				ASSETCATALOG_COMPILER_GLOBAL_ACCENT_COLOR_NAME = AccentColor;
				CODE_SIGN_STYLE = Automatic;
				CURRENT_PROJECT_VERSION = 1;
				DEVELOPMENT_ASSET_PATHS = "\"LiveChatGPT/Preview Content\"";
				DEVELOPMENT_TEAM = 663DYMD95T;
				ENABLE_PREVIEWS = YES;
				GENERATE_INFOPLIST_FILE = YES;
				INFOPLIST_KEY_UIApplicationSceneManifest_Generation = YES;
				INFOPLIST_KEY_UIApplicationSupportsIndirectInputEvents = YES;
				INFOPLIST_KEY_UILaunchScreen_Generation = YES;
				INFOPLIST_KEY_UISupportedInterfaceOrientations_iPad = "UIInterfaceOrientationPortrait UIInterfaceOrientationPortraitUpsideDown UIInterfaceOrientationLandscapeLeft UIInterfaceOrientationLandscapeRight";
				INFOPLIST_KEY_UISupportedInterfaceOrientations_iPhone = "UIInterfaceOrientationPortrait UIInterfaceOrientationLandscapeLeft UIInterfaceOrientationLandscapeRight";
				IPHONEOS_DEPLOYMENT_TARGET = 16.0;
				LD_RUNPATH_SEARCH_PATHS = (
					"$(inherited)",
					"@executable_path/Frameworks",
				);
				MARKETING_VERSION = 1.0;
				PRODUCT_BUNDLE_IDENTIFIER = AlexOrg.LiveChatGPT;
				PRODUCT_NAME = "$(TARGET_NAME)";
				SWIFT_EMIT_LOC_STRINGS = YES;
				SWIFT_VERSION = 5.0;
				TARGETED_DEVICE_FAMILY = "1,2";
			};
			name = Release;
		};
		1C60E5862A7AC46400C6C59C /* Debug */ = {
			isa = XCBuildConfiguration;
			baseConfigurationReference = E3B2E50D0F6A7795B28432F8 /* Pods-LiveChatGPTTests.debug.xcconfig */;
			buildSettings = {
				ALWAYS_EMBED_SWIFT_STANDARD_LIBRARIES = YES;
				BUNDLE_LOADER = "$(TEST_HOST)";
				CODE_SIGN_STYLE = Automatic;
				CURRENT_PROJECT_VERSION = 1;
				DEVELOPMENT_TEAM = 663DYMD95T;
				GENERATE_INFOPLIST_FILE = YES;
				IPHONEOS_DEPLOYMENT_TARGET = 16.0;
				MARKETING_VERSION = 1.0;
				PRODUCT_BUNDLE_IDENTIFIER = AlexOrg.LiveChatGPTTests;
				PRODUCT_NAME = "$(TARGET_NAME)";
				SWIFT_EMIT_LOC_STRINGS = NO;
				SWIFT_VERSION = 5.0;
				TARGETED_DEVICE_FAMILY = "1,2";
				TEST_HOST = "$(BUILT_PRODUCTS_DIR)/LiveChatGPT.app/$(BUNDLE_EXECUTABLE_FOLDER_PATH)/LiveChatGPT";
			};
			name = Debug;
		};
		1C60E5872A7AC46400C6C59C /* Release */ = {
			isa = XCBuildConfiguration;
			baseConfigurationReference = 26378E2A85CE03111EB04DF1 /* Pods-LiveChatGPTTests.release.xcconfig */;
			buildSettings = {
				ALWAYS_EMBED_SWIFT_STANDARD_LIBRARIES = YES;
				BUNDLE_LOADER = "$(TEST_HOST)";
				CODE_SIGN_STYLE = Automatic;
				CURRENT_PROJECT_VERSION = 1;
				DEVELOPMENT_TEAM = 663DYMD95T;
				GENERATE_INFOPLIST_FILE = YES;
				IPHONEOS_DEPLOYMENT_TARGET = 16.0;
				MARKETING_VERSION = 1.0;
				PRODUCT_BUNDLE_IDENTIFIER = AlexOrg.LiveChatGPTTests;
				PRODUCT_NAME = "$(TARGET_NAME)";
				SWIFT_EMIT_LOC_STRINGS = NO;
				SWIFT_VERSION = 5.0;
				TARGETED_DEVICE_FAMILY = "1,2";
				TEST_HOST = "$(BUILT_PRODUCTS_DIR)/LiveChatGPT.app/$(BUNDLE_EXECUTABLE_FOLDER_PATH)/LiveChatGPT";
			};
			name = Release;
		};
		1C60E5892A7AC46400C6C59C /* Debug */ = {
			isa = XCBuildConfiguration;
			baseConfigurationReference = EBBF6ACE692271CDA4C6E551 /* Pods-LiveChatGPT-LiveChatGPTUITests.debug.xcconfig */;
			buildSettings = {
				ALWAYS_EMBED_SWIFT_STANDARD_LIBRARIES = YES;
				CODE_SIGN_STYLE = Automatic;
				CURRENT_PROJECT_VERSION = 1;
				DEVELOPMENT_TEAM = 663DYMD95T;
				GENERATE_INFOPLIST_FILE = YES;
				MARKETING_VERSION = 1.0;
				PRODUCT_BUNDLE_IDENTIFIER = AlexOrg.LiveChatGPTUITests;
				PRODUCT_NAME = "$(TARGET_NAME)";
				SWIFT_EMIT_LOC_STRINGS = NO;
				SWIFT_VERSION = 5.0;
				TARGETED_DEVICE_FAMILY = "1,2";
				TEST_TARGET_NAME = LiveChatGPT;
			};
			name = Debug;
		};
		1C60E58A2A7AC46400C6C59C /* Release */ = {
			isa = XCBuildConfiguration;
			baseConfigurationReference = 8E408123FA06D32FD18C8C7A /* Pods-LiveChatGPT-LiveChatGPTUITests.release.xcconfig */;
			buildSettings = {
				ALWAYS_EMBED_SWIFT_STANDARD_LIBRARIES = YES;
				CODE_SIGN_STYLE = Automatic;
				CURRENT_PROJECT_VERSION = 1;
				DEVELOPMENT_TEAM = 663DYMD95T;
				GENERATE_INFOPLIST_FILE = YES;
				MARKETING_VERSION = 1.0;
				PRODUCT_BUNDLE_IDENTIFIER = AlexOrg.LiveChatGPTUITests;
				PRODUCT_NAME = "$(TARGET_NAME)";
				SWIFT_EMIT_LOC_STRINGS = NO;
				SWIFT_VERSION = 5.0;
				TARGETED_DEVICE_FAMILY = "1,2";
				TEST_TARGET_NAME = LiveChatGPT;
			};
			name = Release;
		};
/* End XCBuildConfiguration section */

/* Begin XCConfigurationList section */
		1C60E5592A7AC45E00C6C59C /* Build configuration list for PBXProject "LiveChatGPT" */ = {
			isa = XCConfigurationList;
			buildConfigurations = (
				1C60E5802A7AC46400C6C59C /* Debug */,
				1C60E5812A7AC46400C6C59C /* Release */,
			);
			defaultConfigurationIsVisible = 0;
			defaultConfigurationName = Release;
		};
		1C60E5822A7AC46400C6C59C /* Build configuration list for PBXNativeTarget "LiveChatGPT" */ = {
			isa = XCConfigurationList;
			buildConfigurations = (
				1C60E5832A7AC46400C6C59C /* Debug */,
				1C60E5842A7AC46400C6C59C /* Release */,
			);
			defaultConfigurationIsVisible = 0;
			defaultConfigurationName = Release;
		};
		1C60E5852A7AC46400C6C59C /* Build configuration list for PBXNativeTarget "LiveChatGPTTests" */ = {
			isa = XCConfigurationList;
			buildConfigurations = (
				1C60E5862A7AC46400C6C59C /* Debug */,
				1C60E5872A7AC46400C6C59C /* Release */,
			);
			defaultConfigurationIsVisible = 0;
			defaultConfigurationName = Release;
		};
		1C60E5882A7AC46400C6C59C /* Build configuration list for PBXNativeTarget "LiveChatGPTUITests" */ = {
			isa = XCConfigurationList;
			buildConfigurations = (
				1C60E5892A7AC46400C6C59C /* Debug */,
				1C60E58A2A7AC46400C6C59C /* Release */,
			);
			defaultConfigurationIsVisible = 0;
			defaultConfigurationName = Release;
		};
/* End XCConfigurationList section */
	};
	rootObject = 1C60E5562A7AC45E00C6C59C /* Project object */;
}
